{
  "nodes": {
    "nixpkgs": {
      "locked": {
        "lastModified": 1647464286,
        "narHash": "sha256-k/3QQvnv2uVeua/aWPo1/NF7Mx3hEFb022ZXts5BNIE=",
        "owner": "nixos",
        "repo": "nixpkgs",
        "rev": "788b83cac5cd928ee897562c7218f492c6478a59",
        "type": "github"
      },
      "original": {
        "owner": "nixos",
        "ref": "master",
        "repo": "nixpkgs",
        "type": "github"
      }
    },
    "root": {
      "inputs": {
        "nixpkgs": "nixpkgs"
      }
    }
  },
  "root": "root",
  "version": 7
}
