{
  "nodes": {
    "nixpkgs": {
      "locked": {
        "lastModified": 1647460469,
        "narHash": "sha256-k8oA/ZLlktmwLNSl7tJzpguXzzhBDFD4S9bELgvU77s=",
        "owner": "nixos",
        "repo": "nixpkgs",
        "rev": "c66b6e000f636278a9ecb5759f93a56948cf8beb",
        "type": "github"
      },
      "original": {
        "owner": "nixos",
        "ref": "master",
        "repo": "nixpkgs",
        "type": "github"
      }
    },
    "root": {
      "inputs": {
        "nixpkgs": "nixpkgs"
      }
    }
  },
  "root": "root",
  "version": 7
}
